
Microsoft Visual Studio Solution File, Format Version 12.00
# Visual Studio 14
VisualStudioVersion = 14.0.25420.1
MinimumVisualStudioVersion = 10.0.40219.1
Project("{8BC9CEB8-8B4A-11D0-8D11-00A0C91BC942}") = "driver64", "driver64\driver64.vcxproj", "{CCB84C84-FC4D-49A8-9A54-3B4391F046C5}"
	ProjectSection(ProjectDependencies) = postProject
		{8164D41D-B053-405B-826C-CF37AC0EF176} = {8164D41D-B053-405B-826C-CF37AC0EF176}
		{B057A1FE-09F7-465E-B8B5-E1B659051D76} = {B057A1FE-09F7-465E-B8B5-E1B659051D76}
	EndProjectSection
EndProject
Project("{8BC9CEB8-8B4A-11D0-8D11-00A0C91BC942}") = "Foundation", "..\..\..\..\Documents\Visual Studio 2015\Projects\Poco\Foundation\Foundation_x64_vs140.vcxproj", "{8164D41D-B053-405B-826C-CF37AC0EF176}"
EndProject
Project("{8BC9CEB8-8B4A-11D0-8D11-00A0C91BC942}") = "Net", "..\..\..\..\Documents\Visual Studio 2015\Projects\Poco\Net\Net_x64_vs140.vcxproj", "{B057A1FE-09F7-465E-B8B5-E1B659051D76}"
EndProject
Project("{930C7802-8A8C-48F9-8165-68863BCCD9DD}") = "installer", "installer\installer.wixproj", "{5A7881D5-FD59-4D16-ADAE-69F435199D75}"
EndProject
Global
	GlobalSection(SolutionConfigurationPlatforms) = preSolution
		debug_shared|x64 = debug_shared|x64
		debug_shared|x86 = debug_shared|x86
		debug_static_md|x64 = debug_static_md|x64
		debug_static_md|x86 = debug_static_md|x86
		debug_static_mt|x64 = debug_static_mt|x64
		debug_static_mt|x86 = debug_static_mt|x86
		Debug|x64 = Debug|x64
		Debug|x86 = Debug|x86
		release_shared|x64 = release_shared|x64
		release_shared|x86 = release_shared|x86
		release_static_md|x64 = release_static_md|x64
		release_static_md|x86 = release_static_md|x86
		release_static_mt|x64 = release_static_mt|x64
		release_static_mt|x86 = release_static_mt|x86
		Release|x64 = Release|x64
		Release|x86 = Release|x86
	EndGlobalSection
	GlobalSection(ProjectConfigurationPlatforms) = postSolution
		{CCB84C84-FC4D-49A8-9A54-3B4391F046C5}.debug_shared|x64.ActiveCfg = Debug|x64
		{CCB84C84-FC4D-49A8-9A54-3B4391F046C5}.debug_shared|x64.Build.0 = Debug|x64
		{CCB84C84-FC4D-49A8-9A54-3B4391F046C5}.debug_shared|x86.ActiveCfg = Debug|Win32
		{CCB84C84-FC4D-49A8-9A54-3B4391F046C5}.debug_shared|x86.Build.0 = Debug|Win32
		{CCB84C84-FC4D-49A8-9A54-3B4391F046C5}.debug_static_md|x64.ActiveCfg = Debug|x64
		{CCB84C84-FC4D-49A8-9A54-3B4391F046C5}.debug_static_md|x64.Build.0 = Debug|x64
		{CCB84C84-FC4D-49A8-9A54-3B4391F046C5}.debug_static_md|x86.ActiveCfg = Debug|Win32
		{CCB84C84-FC4D-49A8-9A54-3B4391F046C5}.debug_static_md|x86.Build.0 = Debug|Win32
		{CCB84C84-FC4D-49A8-9A54-3B4391F046C5}.debug_static_mt|x64.ActiveCfg = Debug|x64
		{CCB84C84-FC4D-49A8-9A54-3B4391F046C5}.debug_static_mt|x64.Build.0 = Debug|x64
		{CCB84C84-FC4D-49A8-9A54-3B4391F046C5}.debug_static_mt|x86.ActiveCfg = Debug|Win32
		{CCB84C84-FC4D-49A8-9A54-3B4391F046C5}.debug_static_mt|x86.Build.0 = Debug|Win32
		{CCB84C84-FC4D-49A8-9A54-3B4391F046C5}.Debug|x64.ActiveCfg = Debug|x64
		{CCB84C84-FC4D-49A8-9A54-3B4391F046C5}.Debug|x64.Build.0 = Debug|x64
		{CCB84C84-FC4D-49A8-9A54-3B4391F046C5}.Debug|x86.ActiveCfg = Debug|Win32
		{CCB84C84-FC4D-49A8-9A54-3B4391F046C5}.Debug|x86.Build.0 = Debug|Win32
		{CCB84C84-FC4D-49A8-9A54-3B4391F046C5}.release_shared|x64.ActiveCfg = Release|x64
		{CCB84C84-FC4D-49A8-9A54-3B4391F046C5}.release_shared|x64.Build.0 = Release|x64
		{CCB84C84-FC4D-49A8-9A54-3B4391F046C5}.release_shared|x86.ActiveCfg = Release|Win32
		{CCB84C84-FC4D-49A8-9A54-3B4391F046C5}.release_shared|x86.Build.0 = Release|Win32
		{CCB84C84-FC4D-49A8-9A54-3B4391F046C5}.release_static_md|x64.ActiveCfg = Release|x64
		{CCB84C84-FC4D-49A8-9A54-3B4391F046C5}.release_static_md|x64.Build.0 = Release|x64
		{CCB84C84-FC4D-49A8-9A54-3B4391F046C5}.release_static_md|x86.ActiveCfg = Release|Win32
		{CCB84C84-FC4D-49A8-9A54-3B4391F046C5}.release_static_md|x86.Build.0 = Release|Win32
		{CCB84C84-FC4D-49A8-9A54-3B4391F046C5}.release_static_mt|x64.ActiveCfg = Release|x64
		{CCB84C84-FC4D-49A8-9A54-3B4391F046C5}.release_static_mt|x64.Build.0 = Release|x64
		{CCB84C84-FC4D-49A8-9A54-3B4391F046C5}.release_static_mt|x86.ActiveCfg = Release|Win32
		{CCB84C84-FC4D-49A8-9A54-3B4391F046C5}.release_static_mt|x86.Build.0 = Release|Win32
		{CCB84C84-FC4D-49A8-9A54-3B4391F046C5}.Release|x64.ActiveCfg = Release|x64
		{CCB84C84-FC4D-49A8-9A54-3B4391F046C5}.Release|x64.Build.0 = Release|x64
		{CCB84C84-FC4D-49A8-9A54-3B4391F046C5}.Release|x86.ActiveCfg = Release|Win32
		{CCB84C84-FC4D-49A8-9A54-3B4391F046C5}.Release|x86.Build.0 = Release|Win32
		{8164D41D-B053-405B-826C-CF37AC0EF176}.debug_shared|x64.ActiveCfg = debug_shared|x64
		{8164D41D-B053-405B-826C-CF37AC0EF176}.debug_shared|x64.Build.0 = debug_shared|x64
		{8164D41D-B053-405B-826C-CF37AC0EF176}.debug_shared|x86.ActiveCfg = debug_shared|x64
		{8164D41D-B053-405B-826C-CF37AC0EF176}.debug_static_md|x64.ActiveCfg = debug_static_md|x64
		{8164D41D-B053-405B-826C-CF37AC0EF176}.debug_static_md|x64.Build.0 = debug_static_md|x64
		{8164D41D-B053-405B-826C-CF37AC0EF176}.debug_static_md|x86.ActiveCfg = debug_static_md|x64
		{8164D41D-B053-405B-826C-CF37AC0EF176}.debug_static_mt|x64.ActiveCfg = debug_static_mt|x64
		{8164D41D-B053-405B-826C-CF37AC0EF176}.debug_static_mt|x64.Build.0 = debug_static_mt|x64
		{8164D41D-B053-405B-826C-CF37AC0EF176}.debug_static_mt|x86.ActiveCfg = debug_static_mt|x64
		{8164D41D-B053-405B-826C-CF37AC0EF176}.Debug|x64.ActiveCfg = debug_shared|x64
		{8164D41D-B053-405B-826C-CF37AC0EF176}.Debug|x64.Build.0 = debug_shared|x64
		{8164D41D-B053-405B-826C-CF37AC0EF176}.Debug|x86.ActiveCfg = debug_shared|x64
		{8164D41D-B053-405B-826C-CF37AC0EF176}.Debug|x86.Build.0 = debug_shared|x64
		{8164D41D-B053-405B-826C-CF37AC0EF176}.release_shared|x64.ActiveCfg = release_shared|x64
		{8164D41D-B053-405B-826C-CF37AC0EF176}.release_shared|x64.Build.0 = release_shared|x64
		{8164D41D-B053-405B-826C-CF37AC0EF176}.release_shared|x86.ActiveCfg = release_shared|x64
		{8164D41D-B053-405B-826C-CF37AC0EF176}.release_static_md|x64.ActiveCfg = release_static_md|x64
		{8164D41D-B053-405B-826C-CF37AC0EF176}.release_static_md|x64.Build.0 = release_static_md|x64
		{8164D41D-B053-405B-826C-CF37AC0EF176}.release_static_md|x86.ActiveCfg = release_static_md|x64
		{8164D41D-B053-405B-826C-CF37AC0EF176}.release_static_mt|x64.ActiveCfg = release_static_mt|x64
		{8164D41D-B053-405B-826C-CF37AC0EF176}.release_static_mt|x64.Build.0 = release_static_mt|x64
		{8164D41D-B053-405B-826C-CF37AC0EF176}.release_static_mt|x86.ActiveCfg = release_static_mt|x64
		{8164D41D-B053-405B-826C-CF37AC0EF176}.Release|x64.ActiveCfg = release_shared|x64
		{8164D41D-B053-405B-826C-CF37AC0EF176}.Release|x64.Build.0 = release_shared|x64
		{8164D41D-B053-405B-826C-CF37AC0EF176}.Release|x86.ActiveCfg = debug_shared|x64
		{8164D41D-B053-405B-826C-CF37AC0EF176}.Release|x86.Build.0 = debug_shared|x64
		{B057A1FE-09F7-465E-B8B5-E1B659051D76}.debug_shared|x64.ActiveCfg = debug_shared|x64
		{B057A1FE-09F7-465E-B8B5-E1B659051D76}.debug_shared|x64.Build.0 = debug_shared|x64
		{B057A1FE-09F7-465E-B8B5-E1B659051D76}.debug_shared|x86.ActiveCfg = debug_shared|x64
		{B057A1FE-09F7-465E-B8B5-E1B659051D76}.debug_static_md|x64.ActiveCfg = debug_static_md|x64
		{B057A1FE-09F7-465E-B8B5-E1B659051D76}.debug_static_md|x64.Build.0 = debug_static_md|x64
		{B057A1FE-09F7-465E-B8B5-E1B659051D76}.debug_static_md|x86.ActiveCfg = debug_static_md|x64
		{B057A1FE-09F7-465E-B8B5-E1B659051D76}.debug_static_mt|x64.ActiveCfg = debug_static_mt|x64
		{B057A1FE-09F7-465E-B8B5-E1B659051D76}.debug_static_mt|x64.Build.0 = debug_static_mt|x64
		{B057A1FE-09F7-465E-B8B5-E1B659051D76}.debug_static_mt|x86.ActiveCfg = debug_static_mt|x64
		{B057A1FE-09F7-465E-B8B5-E1B659051D76}.Debug|x64.ActiveCfg = debug_shared|x64
		{B057A1FE-09F7-465E-B8B5-E1B659051D76}.Debug|x64.Build.0 = debug_shared|x64
		{B057A1FE-09F7-465E-B8B5-E1B659051D76}.Debug|x86.ActiveCfg = debug_shared|x64
		{B057A1FE-09F7-465E-B8B5-E1B659051D76}.Debug|x86.Build.0 = debug_shared|x64
		{B057A1FE-09F7-465E-B8B5-E1B659051D76}.release_shared|x64.ActiveCfg = release_shared|x64
		{B057A1FE-09F7-465E-B8B5-E1B659051D76}.release_shared|x64.Build.0 = release_shared|x64
		{B057A1FE-09F7-465E-B8B5-E1B659051D76}.release_shared|x86.ActiveCfg = release_shared|x64
		{B057A1FE-09F7-465E-B8B5-E1B659051D76}.release_static_md|x64.ActiveCfg = release_static_md|x64
		{B057A1FE-09F7-465E-B8B5-E1B659051D76}.release_static_md|x64.Build.0 = release_static_md|x64
		{B057A1FE-09F7-465E-B8B5-E1B659051D76}.release_static_md|x86.ActiveCfg = release_static_md|x64
		{B057A1FE-09F7-465E-B8B5-E1B659051D76}.release_static_mt|x64.ActiveCfg = release_static_mt|x64
		{B057A1FE-09F7-465E-B8B5-E1B659051D76}.release_static_mt|x64.Build.0 = release_static_mt|x64
		{B057A1FE-09F7-465E-B8B5-E1B659051D76}.release_static_mt|x86.ActiveCfg = release_static_mt|x64
		{B057A1FE-09F7-465E-B8B5-E1B659051D76}.Release|x64.ActiveCfg = release_shared|x64
		{B057A1FE-09F7-465E-B8B5-E1B659051D76}.Release|x64.Build.0 = release_shared|x64
		{B057A1FE-09F7-465E-B8B5-E1B659051D76}.Release|x86.ActiveCfg = debug_shared|x64
		{B057A1FE-09F7-465E-B8B5-E1B659051D76}.Release|x86.Build.0 = debug_shared|x64
		{5A7881D5-FD59-4D16-ADAE-69F435199D75}.debug_shared|x64.ActiveCfg = Release|x86
		{5A7881D5-FD59-4D16-ADAE-69F435199D75}.debug_shared|x64.Build.0 = Release|x86
		{5A7881D5-FD59-4D16-ADAE-69F435199D75}.debug_shared|x86.ActiveCfg = Debug|x86
		{5A7881D5-FD59-4D16-ADAE-69F435199D75}.debug_shared|x86.Build.0 = Debug|x86
		{5A7881D5-FD59-4D16-ADAE-69F435199D75}.debug_static_md|x64.ActiveCfg = Release|x86
		{5A7881D5-FD59-4D16-ADAE-69F435199D75}.debug_static_md|x64.Build.0 = Release|x86
		{5A7881D5-FD59-4D16-ADAE-69F435199D75}.debug_static_md|x86.ActiveCfg = Debug|x86
		{5A7881D5-FD59-4D16-ADAE-69F435199D75}.debug_static_md|x86.Build.0 = Debug|x86
		{5A7881D5-FD59-4D16-ADAE-69F435199D75}.debug_static_mt|x64.ActiveCfg = Release|x86
		{5A7881D5-FD59-4D16-ADAE-69F435199D75}.debug_static_mt|x64.Build.0 = Release|x86
		{5A7881D5-FD59-4D16-ADAE-69F435199D75}.debug_static_mt|x86.ActiveCfg = Debug|x86
		{5A7881D5-FD59-4D16-ADAE-69F435199D75}.debug_static_mt|x86.Build.0 = Debug|x86
		{5A7881D5-FD59-4D16-ADAE-69F435199D75}.Debug|x64.ActiveCfg = Debug|x86
		{5A7881D5-FD59-4D16-ADAE-69F435199D75}.Debug|x86.ActiveCfg = Debug|x86
		{5A7881D5-FD59-4D16-ADAE-69F435199D75}.Debug|x86.Build.0 = Debug|x86
		{5A7881D5-FD59-4D16-ADAE-69F435199D75}.release_shared|x64.ActiveCfg = Release|x86
		{5A7881D5-FD59-4D16-ADAE-69F435199D75}.release_shared|x64.Build.0 = Release|x86
		{5A7881D5-FD59-4D16-ADAE-69F435199D75}.release_shared|x86.ActiveCfg = Release|x86
		{5A7881D5-FD59-4D16-ADAE-69F435199D75}.release_shared|x86.Build.0 = Release|x86
		{5A7881D5-FD59-4D16-ADAE-69F435199D75}.release_static_md|x64.ActiveCfg = Release|x86
		{5A7881D5-FD59-4D16-ADAE-69F435199D75}.release_static_md|x64.Build.0 = Release|x86
		{5A7881D5-FD59-4D16-ADAE-69F435199D75}.release_static_md|x86.ActiveCfg = Release|x86
		{5A7881D5-FD59-4D16-ADAE-69F435199D75}.release_static_md|x86.Build.0 = Release|x86
		{5A7881D5-FD59-4D16-ADAE-69F435199D75}.release_static_mt|x64.ActiveCfg = Release|x86
		{5A7881D5-FD59-4D16-ADAE-69F435199D75}.release_static_mt|x64.Build.0 = Release|x86
		{5A7881D5-FD59-4D16-ADAE-69F435199D75}.release_static_mt|x86.ActiveCfg = Release|x86
		{5A7881D5-FD59-4D16-ADAE-69F435199D75}.release_static_mt|x86.Build.0 = Release|x86
		{5A7881D5-FD59-4D16-ADAE-69F435199D75}.Release|x64.ActiveCfg = Release|x86
		{5A7881D5-FD59-4D16-ADAE-69F435199D75}.Release|x86.ActiveCfg = Release|x86
		{5A7881D5-FD59-4D16-ADAE-69F435199D75}.Release|x86.Build.0 = Release|x86
	EndGlobalSection
	GlobalSection(SolutionProperties) = preSolution
		HideSolutionNode = FALSE
	EndGlobalSection
EndGlobal
