
Microsoft Visual Studio Solution File, Format Version 12.00
# Visual Studio 14
VisualStudioVersion = 14.0.25420.1
MinimumVisualStudioVersion = 10.0.40219.1
Project("{8BC9CEB8-8B4A-11D0-8D11-00A0C91BC942}") = "driver32w", "driver32w\driver32w.vcxproj", "{677C04FC-E921-4EFB-8DE8-26F54B37C152}"
	ProjectSection(ProjectDependencies) = postProject
		{B01196CC-B693-4548-8464-2FF60499E73F} = {B01196CC-B693-4548-8464-2FF60499E73F}
		{B057A1FE-09F7-465E-B8B5-E1B659051D76} = {B057A1FE-09F7-465E-B8B5-E1B659051D76}
	EndProjectSection
EndProject
Project("{8BC9CEB8-8B4A-11D0-8D11-00A0C91BC942}") = "driver32", "driver32\driver32.vcxproj", "{97619DB8-5918-4B74-9B1F-0473E7C670D4}"
	ProjectSection(ProjectDependencies) = postProject
		{B01196CC-B693-4548-8464-2FF60499E73F} = {B01196CC-B693-4548-8464-2FF60499E73F}
		{B057A1FE-09F7-465E-B8B5-E1B659051D76} = {B057A1FE-09F7-465E-B8B5-E1B659051D76}
	EndProjectSection
EndProject
Project("{930C7802-8A8C-48F9-8165-68863BCCD9DD}") = "installer32", "installer32\installer32.wixproj", "{1710247B-2620-49D6-BB88-7633863A8A64}"
	ProjectSection(ProjectDependencies) = postProject
		{97619DB8-5918-4B74-9B1F-0473E7C670D4} = {97619DB8-5918-4B74-9B1F-0473E7C670D4}
		{B01196CC-B693-4548-8464-2FF60499E73F} = {B01196CC-B693-4548-8464-2FF60499E73F}
		{677C04FC-E921-4EFB-8DE8-26F54B37C152} = {677C04FC-E921-4EFB-8DE8-26F54B37C152}
		{B057A1FE-09F7-465E-B8B5-E1B659051D76} = {B057A1FE-09F7-465E-B8B5-E1B659051D76}
	EndProjectSection
EndProject
Project("{8BC9CEB8-8B4A-11D0-8D11-00A0C91BC942}") = "Foundation", "..\contrib\poco\Foundation\Foundation_vs140.vcxproj", "{B01196CC-B693-4548-8464-2FF60499E73F}"
EndProject
Project("{8BC9CEB8-8B4A-11D0-8D11-00A0C91BC942}") = "Net", "..\contrib\poco\Net\Net_vs140.vcxproj", "{B057A1FE-09F7-465E-B8B5-E1B659051D76}"
	ProjectSection(ProjectDependencies) = postProject
		{B01196CC-B693-4548-8464-2FF60499E73F} = {B01196CC-B693-4548-8464-2FF60499E73F}
	EndProjectSection
EndProject
Global
	GlobalSection(SolutionConfigurationPlatforms) = preSolution
		debug_shared|x86 = debug_shared|x86
		debug_static_md|x86 = debug_static_md|x86
		debug_static_mt|x86 = debug_static_mt|x86
		Debug|x86 = Debug|x86
		release_shared|x86 = release_shared|x86
		release_static_md|x86 = release_static_md|x86
		release_static_mt|x86 = release_static_mt|x86
		Release|x86 = Release|x86
	EndGlobalSection
	GlobalSection(ProjectConfigurationPlatforms) = postSolution
		{677C04FC-E921-4EFB-8DE8-26F54B37C152}.debug_shared|x86.ActiveCfg = Debug|Win32
		{677C04FC-E921-4EFB-8DE8-26F54B37C152}.debug_shared|x86.Build.0 = Debug|Win32
		{677C04FC-E921-4EFB-8DE8-26F54B37C152}.debug_static_md|x86.ActiveCfg = Debug|Win32
		{677C04FC-E921-4EFB-8DE8-26F54B37C152}.debug_static_md|x86.Build.0 = Debug|Win32
		{677C04FC-E921-4EFB-8DE8-26F54B37C152}.debug_static_mt|x86.ActiveCfg = Debug|Win32
		{677C04FC-E921-4EFB-8DE8-26F54B37C152}.debug_static_mt|x86.Build.0 = Debug|Win32
		{677C04FC-E921-4EFB-8DE8-26F54B37C152}.Debug|x86.ActiveCfg = Debug|Win32
		{677C04FC-E921-4EFB-8DE8-26F54B37C152}.Debug|x86.Build.0 = Debug|Win32
		{677C04FC-E921-4EFB-8DE8-26F54B37C152}.release_shared|x86.ActiveCfg = Release|Win32
		{677C04FC-E921-4EFB-8DE8-26F54B37C152}.release_shared|x86.Build.0 = Release|Win32
		{677C04FC-E921-4EFB-8DE8-26F54B37C152}.release_static_md|x86.ActiveCfg = Release|Win32
		{677C04FC-E921-4EFB-8DE8-26F54B37C152}.release_static_md|x86.Build.0 = Release|Win32
		{677C04FC-E921-4EFB-8DE8-26F54B37C152}.release_static_mt|x86.ActiveCfg = Release|Win32
		{677C04FC-E921-4EFB-8DE8-26F54B37C152}.release_static_mt|x86.Build.0 = Release|Win32
		{677C04FC-E921-4EFB-8DE8-26F54B37C152}.Release|x86.ActiveCfg = Release|Win32
		{677C04FC-E921-4EFB-8DE8-26F54B37C152}.Release|x86.Build.0 = Release|Win32
		{97619DB8-5918-4B74-9B1F-0473E7C670D4}.debug_shared|x86.ActiveCfg = Debug|Win32
		{97619DB8-5918-4B74-9B1F-0473E7C670D4}.debug_shared|x86.Build.0 = Debug|Win32
		{97619DB8-5918-4B74-9B1F-0473E7C670D4}.debug_static_md|x86.ActiveCfg = Debug|Win32
		{97619DB8-5918-4B74-9B1F-0473E7C670D4}.debug_static_md|x86.Build.0 = Debug|Win32
		{97619DB8-5918-4B74-9B1F-0473E7C670D4}.debug_static_mt|x86.ActiveCfg = Debug|Win32
		{97619DB8-5918-4B74-9B1F-0473E7C670D4}.debug_static_mt|x86.Build.0 = Debug|Win32
		{97619DB8-5918-4B74-9B1F-0473E7C670D4}.Debug|x86.ActiveCfg = Debug|Win32
		{97619DB8-5918-4B74-9B1F-0473E7C670D4}.Debug|x86.Build.0 = Debug|Win32
		{97619DB8-5918-4B74-9B1F-0473E7C670D4}.release_shared|x86.ActiveCfg = Release|Win32
		{97619DB8-5918-4B74-9B1F-0473E7C670D4}.release_shared|x86.Build.0 = Release|Win32
		{97619DB8-5918-4B74-9B1F-0473E7C670D4}.release_static_md|x86.ActiveCfg = Release|Win32
		{97619DB8-5918-4B74-9B1F-0473E7C670D4}.release_static_md|x86.Build.0 = Release|Win32
		{97619DB8-5918-4B74-9B1F-0473E7C670D4}.release_static_mt|x86.ActiveCfg = Release|Win32
		{97619DB8-5918-4B74-9B1F-0473E7C670D4}.release_static_mt|x86.Build.0 = Release|Win32
		{97619DB8-5918-4B74-9B1F-0473E7C670D4}.Release|x86.ActiveCfg = Release|Win32
		{97619DB8-5918-4B74-9B1F-0473E7C670D4}.Release|x86.Build.0 = Release|Win32
		{1710247B-2620-49D6-BB88-7633863A8A64}.debug_shared|x86.ActiveCfg = Debug|x86
		{1710247B-2620-49D6-BB88-7633863A8A64}.debug_shared|x86.Build.0 = Debug|x86
		{1710247B-2620-49D6-BB88-7633863A8A64}.debug_static_md|x86.ActiveCfg = Debug|x86
		{1710247B-2620-49D6-BB88-7633863A8A64}.debug_static_md|x86.Build.0 = Debug|x86
		{1710247B-2620-49D6-BB88-7633863A8A64}.debug_static_mt|x86.ActiveCfg = Debug|x86
		{1710247B-2620-49D6-BB88-7633863A8A64}.debug_static_mt|x86.Build.0 = Debug|x86
		{1710247B-2620-49D6-BB88-7633863A8A64}.Debug|x86.ActiveCfg = Debug|x86
		{1710247B-2620-49D6-BB88-7633863A8A64}.Debug|x86.Build.0 = Debug|x86
		{1710247B-2620-49D6-BB88-7633863A8A64}.release_shared|x86.ActiveCfg = Release|x86
		{1710247B-2620-49D6-BB88-7633863A8A64}.release_shared|x86.Build.0 = Release|x86
		{1710247B-2620-49D6-BB88-7633863A8A64}.release_static_md|x86.ActiveCfg = Release|x86
		{1710247B-2620-49D6-BB88-7633863A8A64}.release_static_md|x86.Build.0 = Release|x86
		{1710247B-2620-49D6-BB88-7633863A8A64}.release_static_mt|x86.ActiveCfg = Release|x86
		{1710247B-2620-49D6-BB88-7633863A8A64}.release_static_mt|x86.Build.0 = Release|x86
		{1710247B-2620-49D6-BB88-7633863A8A64}.Release|x86.ActiveCfg = Release|x86
		{1710247B-2620-49D6-BB88-7633863A8A64}.Release|x86.Build.0 = Release|x86
		{B01196CC-B693-4548-8464-2FF60499E73F}.debug_shared|x86.ActiveCfg = debug_shared|Win32
		{B01196CC-B693-4548-8464-2FF60499E73F}.debug_shared|x86.Build.0 = debug_shared|Win32
		{B01196CC-B693-4548-8464-2FF60499E73F}.debug_static_md|x86.ActiveCfg = debug_static_md|Win32
		{B01196CC-B693-4548-8464-2FF60499E73F}.debug_static_md|x86.Build.0 = debug_static_md|Win32
		{B01196CC-B693-4548-8464-2FF60499E73F}.debug_static_mt|x86.ActiveCfg = debug_static_mt|Win32
		{B01196CC-B693-4548-8464-2FF60499E73F}.debug_static_mt|x86.Build.0 = debug_static_mt|Win32
		{B01196CC-B693-4548-8464-2FF60499E73F}.Debug|x86.ActiveCfg = debug_shared|Win32
		{B01196CC-B693-4548-8464-2FF60499E73F}.Debug|x86.Build.0 = debug_shared|Win32
		{B01196CC-B693-4548-8464-2FF60499E73F}.release_shared|x86.ActiveCfg = release_shared|Win32
		{B01196CC-B693-4548-8464-2FF60499E73F}.release_shared|x86.Build.0 = release_shared|Win32
		{B01196CC-B693-4548-8464-2FF60499E73F}.release_static_md|x86.ActiveCfg = release_static_md|Win32
		{B01196CC-B693-4548-8464-2FF60499E73F}.release_static_md|x86.Build.0 = release_static_md|Win32
		{B01196CC-B693-4548-8464-2FF60499E73F}.release_static_mt|x86.ActiveCfg = release_static_mt|Win32
		{B01196CC-B693-4548-8464-2FF60499E73F}.release_static_mt|x86.Build.0 = release_static_mt|Win32
		{B01196CC-B693-4548-8464-2FF60499E73F}.Release|x86.ActiveCfg = release_shared|Win32
		{B01196CC-B693-4548-8464-2FF60499E73F}.Release|x86.Build.0 = release_shared|Win32
		{B057A1FE-09F7-465E-B8B5-E1B659051D76}.debug_shared|x86.ActiveCfg = debug_shared|Win32
		{B057A1FE-09F7-465E-B8B5-E1B659051D76}.debug_shared|x86.Build.0 = debug_shared|Win32
		{B057A1FE-09F7-465E-B8B5-E1B659051D76}.debug_static_md|x86.ActiveCfg = debug_static_md|Win32
		{B057A1FE-09F7-465E-B8B5-E1B659051D76}.debug_static_md|x86.Build.0 = debug_static_md|Win32
		{B057A1FE-09F7-465E-B8B5-E1B659051D76}.debug_static_mt|x86.ActiveCfg = debug_static_mt|Win32
		{B057A1FE-09F7-465E-B8B5-E1B659051D76}.debug_static_mt|x86.Build.0 = debug_static_mt|Win32
		{B057A1FE-09F7-465E-B8B5-E1B659051D76}.Debug|x86.ActiveCfg = debug_shared|Win32
		{B057A1FE-09F7-465E-B8B5-E1B659051D76}.Debug|x86.Build.0 = debug_shared|Win32
		{B057A1FE-09F7-465E-B8B5-E1B659051D76}.release_shared|x86.ActiveCfg = release_shared|Win32
		{B057A1FE-09F7-465E-B8B5-E1B659051D76}.release_shared|x86.Build.0 = release_shared|Win32
		{B057A1FE-09F7-465E-B8B5-E1B659051D76}.release_static_md|x86.ActiveCfg = release_static_md|Win32
		{B057A1FE-09F7-465E-B8B5-E1B659051D76}.release_static_md|x86.Build.0 = release_static_md|Win32
		{B057A1FE-09F7-465E-B8B5-E1B659051D76}.release_static_mt|x86.ActiveCfg = release_static_mt|Win32
		{B057A1FE-09F7-465E-B8B5-E1B659051D76}.release_static_mt|x86.Build.0 = release_static_mt|Win32
		{B057A1FE-09F7-465E-B8B5-E1B659051D76}.Release|x86.ActiveCfg = release_shared|Win32
		{B057A1FE-09F7-465E-B8B5-E1B659051D76}.Release|x86.Build.0 = release_shared|Win32
	EndGlobalSection
	GlobalSection(SolutionProperties) = preSolution
		HideSolutionNode = FALSE
	EndGlobalSection
EndGlobal
